
Microsoft Visual Studio Solution File, Format Version 12.00
# Visual Studio Version 17
VisualStudioVersion = 17.13.35931.197 d17.13
MinimumVisualStudioVersion = 10.0.40219.1
Project("{FAE04EC0-301F-11D3-BF4B-00C04F79EFBC}") = "FileUploadServer", "FileUploadServer\FileUploadServer.csproj", "{FE0018FA-B08D-4549-B983-52A75E1A67FA}"
EndProject
Global
	GlobalSection(SolutionConfigurationPlatforms) = preSolution
		Debug|Any CPU = Debug|Any CPU
		Release|Any CPU = Release|Any CPU
	EndGlobalSection
	GlobalSection(ProjectConfigurationPlatforms) = postSolution
		{FE0018FA-B08D-4549-B983-52A75E1A67FA}.Debug|Any CPU.ActiveCfg = Debug|Any CPU
		{FE0018FA-B08D-4549-B983-52A75E1A67FA}.Debug|Any CPU.Build.0 = Debug|Any CPU
		{FE0018FA-B08D-4549-B983-52A75E1A67FA}.Release|Any CPU.ActiveCfg = Release|Any CPU
		{FE0018FA-B08D-4549-B983-52A75E1A67FA}.Release|Any CPU.Build.0 = Release|Any CPU
	EndGlobalSection
	GlobalSection(SolutionProperties) = preSolution
		HideSolutionNode = FALSE
	EndGlobalSection
	GlobalSection(ExtensibilityGlobals) = postSolution
		SolutionGuid = {E2613109-357C-4D23-9892-304755B39A51}
	EndGlobalSection
EndGlobal
